// !$*UTF8*$!
{
	archiveVersion = 1;
	classes = {
	};
	objectVersion = 55;
	objects = {

/* Begin PBXBuildFile section */
		FA8C1CFB283A937E000D1F5C /* MyWebView.swift in Sources */ = {isa = PBXBuildFile; fileRef = FA8C1CFA283A937E000D1F5C /* MyWebView.swift */; };
		FABAD56B283A95D200E0B8E0 /* homeView1.swift in Sources */ = {isa = PBXBuildFile; fileRef = FABAD56A283A95D200E0B8E0 /* homeView1.swift */; };
		FABAD56D283B531F00E0B8E0 /* homeView2.swift in Sources */ = {isa = PBXBuildFile; fileRef = FABAD56C283B531F00E0B8E0 /* homeView2.swift */; };
		FAD93530282B6C6800F25F71 /* projectApp.swift in Sources */ = {isa = PBXBuildFile; fileRef = FAD9352F282B6C6800F25F71 /* projectApp.swift */; };
		FAD93532282B6C6800F25F71 /* ContentView.swift in Sources */ = {isa = PBXBuildFile; fileRef = FAD93531282B6C6800F25F71 /* ContentView.swift */; };
		FAD93534282B6C6900F25F71 /* Assets.xcassets in Resources */ = {isa = PBXBuildFile; fileRef = FAD93533282B6C6900F25F71 /* Assets.xcassets */; };
		FAD93537282B6C6900F25F71 /* Preview Assets.xcassets in Resources */ = {isa = PBXBuildFile; fileRef = FAD93536282B6C6900F25F71 /* Preview Assets.xcassets */; };
		FAD93541282B6C6A00F25F71 /* projectTests.swift in Sources */ = {isa = PBXBuildFile; fileRef = FAD93540282B6C6A00F25F71 /* projectTests.swift */; };
		FAD9354B282B6C6A00F25F71 /* projectUITests.swift in Sources */ = {isa = PBXBuildFile; fileRef = FAD9354A282B6C6A00F25F71 /* projectUITests.swift */; };
		FAD9354D282B6C6A00F25F71 /* projectUITestsLaunchTests.swift in Sources */ = {isa = PBXBuildFile; fileRef = FAD9354C282B6C6A00F25F71 /* projectUITestsLaunchTests.swift */; };
		FAD9355A282B76AD00F25F71 /* tabView.swift in Sources */ = {isa = PBXBuildFile; fileRef = FAD93559282B76AD00F25F71 /* tabView.swift */; };
/* End PBXBuildFile section */

/* Begin PBXContainerItemProxy section */
		FAD9353D282B6C6A00F25F71 /* PBXContainerItemProxy */ = {
			isa = PBXContainerItemProxy;
			containerPortal = FAD93524282B6C6800F25F71 /* Project object */;
			proxyType = 1;
			remoteGlobalIDString = FAD9352B282B6C6800F25F71;
			remoteInfo = project;
		};
		FAD93547282B6C6A00F25F71 /* PBXContainerItemProxy */ = {
			isa = PBXContainerItemProxy;
			containerPortal = FAD93524282B6C6800F25F71 /* Project object */;
			proxyType = 1;
			remoteGlobalIDString = FAD9352B282B6C6800F25F71;
			remoteInfo = project;
		};
/* End PBXContainerItemProxy section */

/* Begin PBXFileReference section */
		FA8C1CFA283A937E000D1F5C /* MyWebView.swift */ = {isa = PBXFileReference; lastKnownFileType = sourcecode.swift; path = MyWebView.swift; sourceTree = "<group>"; };
		FABAD56A283A95D200E0B8E0 /* homeView1.swift */ = {isa = PBXFileReference; lastKnownFileType = sourcecode.swift; path = homeView1.swift; sourceTree = "<group>"; };
		FABAD56C283B531F00E0B8E0 /* homeView2.swift */ = {isa = PBXFileReference; lastKnownFileType = sourcecode.swift; path = homeView2.swift; sourceTree = "<group>"; };
		FAD9352C282B6C6800F25F71 /* project.app */ = {isa = PBXFileReference; explicitFileType = wrapper.application; includeInIndex = 0; path = project.app; sourceTree = BUILT_PRODUCTS_DIR; };
		FAD9352F282B6C6800F25F71 /* projectApp.swift */ = {isa = PBXFileReference; lastKnownFileType = sourcecode.swift; path = projectApp.swift; sourceTree = "<group>"; };
		FAD93531282B6C6800F25F71 /* ContentView.swift */ = {isa = PBXFileReference; lastKnownFileType = sourcecode.swift; path = ContentView.swift; sourceTree = "<group>"; };
		FAD93533282B6C6900F25F71 /* Assets.xcassets */ = {isa = PBXFileReference; lastKnownFileType = folder.assetcatalog; path = Assets.xcassets; sourceTree = "<group>"; };
		FAD93536282B6C6900F25F71 /* Preview Assets.xcassets */ = {isa = PBXFileReference; lastKnownFileType = folder.assetcatalog; path = "Preview Assets.xcassets"; sourceTree = "<group>"; };
		FAD9353C282B6C6A00F25F71 /* projectTests.xctest */ = {isa = PBXFileReference; explicitFileType = wrapper.cfbundle; includeInIndex = 0; path = projectTests.xctest; sourceTree = BUILT_PRODUCTS_DIR; };
		FAD93540282B6C6A00F25F71 /* projectTests.swift */ = {isa = PBXFileReference; lastKnownFileType = sourcecode.swift; path = projectTests.swift; sourceTree = "<group>"; };
		FAD93546282B6C6A00F25F71 /* projectUITests.xctest */ = {isa = PBXFileReference; explicitFileType = wrapper.cfbundle; includeInIndex = 0; path = projectUITests.xctest; sourceTree = BUILT_PRODUCTS_DIR; };
		FAD9354A282B6C6A00F25F71 /* projectUITests.swift */ = {isa = PBXFileReference; lastKnownFileType = sourcecode.swift; path = projectUITests.swift; sourceTree = "<group>"; };
		FAD9354C282B6C6A00F25F71 /* projectUITestsLaunchTests.swift */ = {isa = PBXFileReference; lastKnownFileType = sourcecode.swift; path = projectUITestsLaunchTests.swift; sourceTree = "<group>"; };
		FAD93559282B76AD00F25F71 /* tabView.swift */ = {isa = PBXFileReference; lastKnownFileType = sourcecode.swift; path = tabView.swift; sourceTree = "<group>"; };
/* End PBXFileReference section */

/* Begin PBXFrameworksBuildPhase section */
		FAD93529282B6C6800F25F71 /* Frameworks */ = {
			isa = PBXFrameworksBuildPhase;
			buildActionMask = 2147483647;
			files = (
			);
			runOnlyForDeploymentPostprocessing = 0;
		};
		FAD93539282B6C6A00F25F71 /* Frameworks */ = {
			isa = PBXFrameworksBuildPhase;
			buildActionMask = 2147483647;
			files = (
			);
			runOnlyForDeploymentPostprocessing = 0;
		};
		FAD93543282B6C6A00F25F71 /* Frameworks */ = {
			isa = PBXFrameworksBuildPhase;
			buildActionMask = 2147483647;
			files = (
			);
			runOnlyForDeploymentPostprocessing = 0;
		};
/* End PBXFrameworksBuildPhase section */

/* Begin PBXGroup section */
		FAD93523282B6C6800F25F71 = {
			isa = PBXGroup;
			children = (
				FAD9352E282B6C6800F25F71 /* project */,
				FAD9353F282B6C6A00F25F71 /* projectTests */,
				FAD93549282B6C6A00F25F71 /* projectUITests */,
				FAD9352D282B6C6800F25F71 /* Products */,
			);
			sourceTree = "<group>";
		};
		FAD9352D282B6C6800F25F71 /* Products */ = {
			isa = PBXGroup;
			children = (
				FAD9352C282B6C6800F25F71 /* project.app */,
				FAD9353C282B6C6A00F25F71 /* projectTests.xctest */,
				FAD93546282B6C6A00F25F71 /* projectUITests.xctest */,
			);
			name = Products;
			sourceTree = "<group>";
		};
		FAD9352E282B6C6800F25F71 /* project */ = {
			isa = PBXGroup;
			children = (
				FAD93559282B76AD00F25F71 /* tabView.swift */,
				FAD9352F282B6C6800F25F71 /* projectApp.swift */,
				FAD93531282B6C6800F25F71 /* ContentView.swift */,
				FABAD56A283A95D200E0B8E0 /* homeView1.swift */,
				FA8C1CFA283A937E000D1F5C /* MyWebView.swift */,
				FABAD56C283B531F00E0B8E0 /* homeView2.swift */,
				FAD93536282B6C6900F25F71 /* Preview Assets.xcassets */,
				FAD93533282B6C6900F25F71 /* Assets.xcassets */,
				FAD93535282B6C6900F25F71 /* Preview Content */,
			);
			path = project;
			sourceTree = "<group>";
		};
		FAD93535282B6C6900F25F71 /* Preview Content */ = {
			isa = PBXGroup;
			children = (
			);
			path = "Preview Content";
			sourceTree = "<group>";
		};
		FAD9353F282B6C6A00F25F71 /* projectTests */ = {
			isa = PBXGroup;
			children = (
				FAD93540282B6C6A00F25F71 /* projectTests.swift */,
			);
			path = projectTests;
			sourceTree = "<group>";
		};
		FAD93549282B6C6A00F25F71 /* projectUITests */ = {
			isa = PBXGroup;
			children = (
				FAD9354A282B6C6A00F25F71 /* projectUITests.swift */,
				FAD9354C282B6C6A00F25F71 /* projectUITestsLaunchTests.swift */,
			);
			path = projectUITests;
			sourceTree = "<group>";
		};
/* End PBXGroup section */

/* Begin PBXNativeTarget section */
		FAD9352B282B6C6800F25F71 /* project */ = {
			isa = PBXNativeTarget;
			buildConfigurationList = FAD93550282B6C6A00F25F71 /* Build configuration list for PBXNativeTarget "project" */;
			buildPhases = (
				FAD93528282B6C6800F25F71 /* Sources */,
				FAD93529282B6C6800F25F71 /* Frameworks */,
				FAD9352A282B6C6800F25F71 /* Resources */,
			);
			buildRules = (
			);
			dependencies = (
			);
			name = project;
			productName = project;
			productReference = FAD9352C282B6C6800F25F71 /* project.app */;
			productType = "com.apple.product-type.application";
		};
		FAD9353B282B6C6A00F25F71 /* projectTests */ = {
			isa = PBXNativeTarget;
			buildConfigurationList = FAD93553282B6C6A00F25F71 /* Build configuration list for PBXNativeTarget "projectTests" */;
			buildPhases = (
				FAD93538282B6C6A00F25F71 /* Sources */,
				FAD93539282B6C6A00F25F71 /* Frameworks */,
				FAD9353A282B6C6A00F25F71 /* Resources */,
			);
			buildRules = (
			);
			dependencies = (
				FAD9353E282B6C6A00F25F71 /* PBXTargetDependency */,
			);
			name = projectTests;
			productName = projectTests;
			productReference = FAD9353C282B6C6A00F25F71 /* projectTests.xctest */;
			productType = "com.apple.product-type.bundle.unit-test";
		};
		FAD93545282B6C6A00F25F71 /* projectUITests */ = {
			isa = PBXNativeTarget;
			buildConfigurationList = FAD93556282B6C6A00F25F71 /* Build configuration list for PBXNativeTarget "projectUITests" */;
			buildPhases = (
				FAD93542282B6C6A00F25F71 /* Sources */,
				FAD93543282B6C6A00F25F71 /* Frameworks */,
				FAD93544282B6C6A00F25F71 /* Resources */,
			);
			buildRules = (
			);
			dependencies = (
				FAD93548282B6C6A00F25F71 /* PBXTargetDependency */,
			);
			name = projectUITests;
			productName = projectUITests;
			productReference = FAD93546282B6C6A00F25F71 /* projectUITests.xctest */;
			productType = "com.apple.product-type.bundle.ui-testing";
		};
/* End PBXNativeTarget section */

/* Begin PBXProject section */
		FAD93524282B6C6800F25F71 /* Project object */ = {
			isa = PBXProject;
			attributes = {
				BuildIndependentTargetsInParallel = 1;
				LastSwiftUpdateCheck = 1320;
				LastUpgradeCheck = 1320;
				TargetAttributes = {
					FAD9352B282B6C6800F25F71 = {
						CreatedOnToolsVersion = 13.2.1;
					};
					FAD9353B282B6C6A00F25F71 = {
						CreatedOnToolsVersion = 13.2.1;
						TestTargetID = FAD9352B282B6C6800F25F71;
					};
					FAD93545282B6C6A00F25F71 = {
						CreatedOnToolsVersion = 13.2.1;
						TestTargetID = FAD9352B282B6C6800F25F71;
					};
				};
			};
			buildConfigurationList = FAD93527282B6C6800F25F71 /* Build configuration list for PBXProject "project" */;
			compatibilityVersion = "Xcode 13.0";
			developmentRegion = en;
			hasScannedForEncodings = 0;
			knownRegions = (
				en,
				Base,
			);
			mainGroup = FAD93523282B6C6800F25F71;
			productRefGroup = FAD9352D282B6C6800F25F71 /* Products */;
			projectDirPath = "";
			projectRoot = "";
			targets = (
				FAD9352B282B6C6800F25F71 /* project */,
				FAD9353B282B6C6A00F25F71 /* projectTests */,
				FAD93545282B6C6A00F25F71 /* projectUITests */,
			);
		};
/* End PBXProject section */

/* Begin PBXResourcesBuildPhase section */
		FAD9352A282B6C6800F25F71 /* Resources */ = {
			isa = PBXResourcesBuildPhase;
			buildActionMask = 2147483647;
			files = (
				FAD93537282B6C6900F25F71 /* Preview Assets.xcassets in Resources */,
				FAD93534282B6C6900F25F71 /* Assets.xcassets in Resources */,
			);
			runOnlyForDeploymentPostprocessing = 0;
		};
		FAD9353A282B6C6A00F25F71 /* Resources */ = {
			isa = PBXResourcesBuildPhase;
			buildActionMask = 2147483647;
			files = (
			);
			runOnlyForDeploymentPostprocessing = 0;
		};
		FAD93544282B6C6A00F25F71 /* Resources */ = {
			isa = PBXResourcesBuildPhase;
			buildActionMask = 2147483647;
			files = (
			);
			runOnlyForDeploymentPostprocessing = 0;
		};
/* End PBXResourcesBuildPhase section */

/* Begin PBXSourcesBuildPhase section */
		FAD93528282B6C6800F25F71 /* Sources */ = {
			isa = PBXSourcesBuildPhase;
			buildActionMask = 2147483647;
			files = (
				FAD9355A282B76AD00F25F71 /* tabView.swift in Sources */,
				FA8C1CFB283A937E000D1F5C /* MyWebView.swift in Sources */,
				FABAD56D283B531F00E0B8E0 /* homeView2.swift in Sources */,
				FABAD56B283A95D200E0B8E0 /* homeView1.swift in Sources */,
				FAD93532282B6C6800F25F71 /* ContentView.swift in Sources */,
				FAD93530282B6C6800F25F71 /* projectApp.swift in Sources */,
			);
			runOnlyForDeploymentPostprocessing = 0;
		};
		FAD93538282B6C6A00F25F71 /* Sources */ = {
			isa = PBXSourcesBuildPhase;
			buildActionMask = 2147483647;
			files = (
				FAD93541282B6C6A00F25F71 /* projectTests.swift in Sources */,
			);
			runOnlyForDeploymentPostprocessing = 0;
		};
		FAD93542282B6C6A00F25F71 /* Sources */ = {
			isa = PBXSourcesBuildPhase;
			buildActionMask = 2147483647;
			files = (
				FAD9354D282B6C6A00F25F71 /* projectUITestsLaunchTests.swift in Sources */,
				FAD9354B282B6C6A00F25F71 /* projectUITests.swift in Sources */,
			);
			runOnlyForDeploymentPostprocessing = 0;
		};
/* End PBXSourcesBuildPhase section */

/* Begin PBXTargetDependency section */
		FAD9353E282B6C6A00F25F71 /* PBXTargetDependency */ = {
			isa = PBXTargetDependency;
			target = FAD9352B282B6C6800F25F71 /* project */;
			targetProxy = FAD9353D282B6C6A00F25F71 /* PBXContainerItemProxy */;
		};
		FAD93548282B6C6A00F25F71 /* PBXTargetDependency */ = {
			isa = PBXTargetDependency;
			target = FAD9352B282B6C6800F25F71 /* project */;
			targetProxy = FAD93547282B6C6A00F25F71 /* PBXContainerItemProxy */;
		};
/* End PBXTargetDependency section */

/* Begin XCBuildConfiguration section */
		FAD9354E282B6C6A00F25F71 /* Debug */ = {
			isa = XCBuildConfiguration;
			buildSettings = {
				ALWAYS_SEARCH_USER_PATHS = NO;
				CLANG_ANALYZER_NONNULL = YES;
				CLANG_ANALYZER_NUMBER_OBJECT_CONVERSION = YES_AGGRESSIVE;
				CLANG_CXX_LANGUAGE_STANDARD = "gnu++17";
				CLANG_CXX_LIBRARY = "libc++";
				CLANG_ENABLE_MODULES = YES;
				CLANG_ENABLE_OBJC_ARC = YES;
				CLANG_ENABLE_OBJC_WEAK = YES;
				CLANG_WARN_BLOCK_CAPTURE_AUTORELEASING = YES;
				CLANG_WARN_BOOL_CONVERSION = YES;
				CLANG_WARN_COMMA = YES;
				CLANG_WARN_CONSTANT_CONVERSION = YES;
				CLANG_WARN_DEPRECATED_OBJC_IMPLEMENTATIONS = YES;
				CLANG_WARN_DIRECT_OBJC_ISA_USAGE = YES_ERROR;
				CLANG_WARN_DOCUMENTATION_COMMENTS = YES;
				CLANG_WARN_EMPTY_BODY = YES;
				CLANG_WARN_ENUM_CONVERSION = YES;
				CLANG_WARN_INFINITE_RECURSION = YES;
				CLANG_WARN_INT_CONVERSION = YES;
				CLANG_WARN_NON_LITERAL_NULL_CONVERSION = YES;
				CLANG_WARN_OBJC_IMPLICIT_RETAIN_SELF = YES;
				CLANG_WARN_OBJC_LITERAL_CONVERSION = YES;
				CLANG_WARN_OBJC_ROOT_CLASS = YES_ERROR;
				CLANG_WARN_QUOTED_INCLUDE_IN_FRAMEWORK_HEADER = YES;
				CLANG_WARN_RANGE_LOOP_ANALYSIS = YES;
				CLANG_WARN_STRICT_PROTOTYPES = YES;
				CLANG_WARN_SUSPICIOUS_MOVE = YES;
				CLANG_WARN_UNGUARDED_AVAILABILITY = YES_AGGRESSIVE;
				CLANG_WARN_UNREACHABLE_CODE = YES;
				CLANG_WARN__DUPLICATE_METHOD_MATCH = YES;
				COPY_PHASE_STRIP = NO;
				DEBUG_INFORMATION_FORMAT = dwarf;
				ENABLE_STRICT_OBJC_MSGSEND = YES;
				ENABLE_TESTABILITY = YES;
				GCC_C_LANGUAGE_STANDARD = gnu11;
				GCC_DYNAMIC_NO_PIC = NO;
				GCC_NO_COMMON_BLOCKS = YES;
				GCC_OPTIMIZATION_LEVEL = 0;
				GCC_PREPROCESSOR_DEFINITIONS = (
					"DEBUG=1",
					"$(inherited)",
				);
				GCC_WARN_64_TO_32_BIT_CONVERSION = YES;
				GCC_WARN_ABOUT_RETURN_TYPE = YES_ERROR;
				GCC_WARN_UNDECLARED_SELECTOR = YES;
				GCC_WARN_UNINITIALIZED_AUTOS = YES_AGGRESSIVE;
				GCC_WARN_UNUSED_FUNCTION = YES;
				GCC_WARN_UNUSED_VARIABLE = YES;
				IPHONEOS_DEPLOYMENT_TARGET = 15.2;
				MTL_ENABLE_DEBUG_INFO = INCLUDE_SOURCE;
				MTL_FAST_MATH = YES;
				ONLY_ACTIVE_ARCH = YES;
				SDKROOT = iphoneos;
				SWIFT_ACTIVE_COMPILATION_CONDITIONS = DEBUG;
				SWIFT_OPTIMIZATION_LEVEL = "-Onone";
			};
			name = Debug;
		};
		FAD9354F282B6C6A00F25F71 /* Release */ = {
			isa = XCBuildConfiguration;
			buildSettings = {
				ALWAYS_SEARCH_USER_PATHS = NO;
				CLANG_ANALYZER_NONNULL = YES;
				CLANG_ANALYZER_NUMBER_OBJECT_CONVERSION = YES_AGGRESSIVE;
				CLANG_CXX_LANGUAGE_STANDARD = "gnu++17";
				CLANG_CXX_LIBRARY = "libc++";
				CLANG_ENABLE_MODULES = YES;
				CLANG_ENABLE_OBJC_ARC = YES;
				CLANG_ENABLE_OBJC_WEAK = YES;
				CLANG_WARN_BLOCK_CAPTURE_AUTORELEASING = YES;
				CLANG_WARN_BOOL_CONVERSION = YES;
				CLANG_WARN_COMMA = YES;
				CLANG_WARN_CONSTANT_CONVERSION = YES;
				CLANG_WARN_DEPRECATED_OBJC_IMPLEMENTATIONS = YES;
				CLANG_WARN_DIRECT_OBJC_ISA_USAGE = YES_ERROR;
				CLANG_WARN_DOCUMENTATION_COMMENTS = YES;
				CLANG_WARN_EMPTY_BODY = YES;
				CLANG_WARN_ENUM_CONVERSION = YES;
				CLANG_WARN_INFINITE_RECURSION = YES;
				CLANG_WARN_INT_CONVERSION = YES;
				CLANG_WARN_NON_LITERAL_NULL_CONVERSION = YES;
				CLANG_WARN_OBJC_IMPLICIT_RETAIN_SELF = YES;
				CLANG_WARN_OBJC_LITERAL_CONVERSION = YES;
				CLANG_WARN_OBJC_ROOT_CLASS = YES_ERROR;
				CLANG_WARN_QUOTED_INCLUDE_IN_FRAMEWORK_HEADER = YES;
				CLANG_WARN_RANGE_LOOP_ANALYSIS = YES;
				CLANG_WARN_STRICT_PROTOTYPES = YES;
				CLANG_WARN_SUSPICIOUS_MOVE = YES;
				CLANG_WARN_UNGUARDED_AVAILABILITY = YES_AGGRESSIVE;
				CLANG_WARN_UNREACHABLE_CODE = YES;
				CLANG_WARN__DUPLICATE_METHOD_MATCH = YES;
				COPY_PHASE_STRIP = NO;
				DEBUG_INFORMATION_FORMAT = "dwarf-with-dsym";
				ENABLE_NS_ASSERTIONS = NO;
				ENABLE_STRICT_OBJC_MSGSEND = YES;
				GCC_C_LANGUAGE_STANDARD = gnu11;
				GCC_NO_COMMON_BLOCKS = YES;
				GCC_WARN_64_TO_32_BIT_CONVERSION = YES;
				GCC_WARN_ABOUT_RETURN_TYPE = YES_ERROR;
				GCC_WARN_UNDECLARED_SELECTOR = YES;
				GCC_WARN_UNINITIALIZED_AUTOS = YES_AGGRESSIVE;
				GCC_WARN_UNUSED_FUNCTION = YES;
				GCC_WARN_UNUSED_VARIABLE = YES;
				IPHONEOS_DEPLOYMENT_TARGET = 15.2;
				MTL_ENABLE_DEBUG_INFO = NO;
				MTL_FAST_MATH = YES;
				SDKROOT = iphoneos;
				SWIFT_COMPILATION_MODE = wholemodule;
				SWIFT_OPTIMIZATION_LEVEL = "-O";
				VALIDATE_PRODUCT = YES;
			};
			name = Release;
		};
		FAD93551282B6C6A00F25F71 /* Debug */ = {
			isa = XCBuildConfiguration;
			buildSettings = {
				ASSETCATALOG_COMPILER_APPICON_NAME = AppIcon;
				ASSETCATALOG_COMPILER_GLOBAL_ACCENT_COLOR_NAME = AccentColor;
				CODE_SIGN_STYLE = Automatic;
				CURRENT_PROJECT_VERSION = 1;
				DEVELOPMENT_ASSET_PATHS = "\"project/Preview Content\"";
				ENABLE_PREVIEWS = YES;
				GENERATE_INFOPLIST_FILE = YES;
				INFOPLIST_KEY_UIApplicationSceneManifest_Generation = YES;
				INFOPLIST_KEY_UIApplicationSupportsIndirectInputEvents = YES;
				INFOPLIST_KEY_UILaunchScreen_Generation = YES;
				INFOPLIST_KEY_UISupportedInterfaceOrientations_iPad = "UIInterfaceOrientationPortrait UIInterfaceOrientationPortraitUpsideDown UIInterfaceOrientationLandscapeLeft UIInterfaceOrientationLandscapeRight";
				INFOPLIST_KEY_UISupportedInterfaceOrientations_iPhone = "UIInterfaceOrientationPortrait UIInterfaceOrientationLandscapeLeft UIInterfaceOrientationLandscapeRight";
				LD_RUNPATH_SEARCH_PATHS = (
					"$(inherited)",
					"@executable_path/Frameworks",
				);
				MARKETING_VERSION = 1.0;
				PRODUCT_BUNDLE_IDENTIFIER = "------.project";
				PRODUCT_NAME = "$(TARGET_NAME)";
				SWIFT_EMIT_LOC_STRINGS = YES;
				SWIFT_VERSION = 5.0;
				TARGETED_DEVICE_FAMILY = "1,2";
			};
			name = Debug;
		};
		FAD93552282B6C6A00F25F71 /* Release */ = {
			isa = XCBuildConfiguration;
			buildSettings = {
				ASSETCATALOG_COMPILER_APPICON_NAME = AppIcon;
				ASSETCATALOG_COMPILER_GLOBAL_ACCENT_COLOR_NAME = AccentColor;
				CODE_SIGN_STYLE = Automatic;
				CURRENT_PROJECT_VERSION = 1;
				DEVELOPMENT_ASSET_PATHS = "\"project/Preview Content\"";
				ENABLE_PREVIEWS = YES;
				GENERATE_INFOPLIST_FILE = YES;
				INFOPLIST_KEY_UIApplicationSceneManifest_Generation = YES;
				INFOPLIST_KEY_UIApplicationSupportsIndirectInputEvents = YES;
				INFOPLIST_KEY_UILaunchScreen_Generation = YES;
				INFOPLIST_KEY_UISupportedInterfaceOrientations_iPad = "UIInterfaceOrientationPortrait UIInterfaceOrientationPortraitUpsideDown UIInterfaceOrientationLandscapeLeft UIInterfaceOrientationLandscapeRight";
				INFOPLIST_KEY_UISupportedInterfaceOrientations_iPhone = "UIInterfaceOrientationPortrait UIInterfaceOrientationLandscapeLeft UIInterfaceOrientationLandscapeRight";
				LD_RUNPATH_SEARCH_PATHS = (
					"$(inherited)",
					"@executable_path/Frameworks",
				);
				MARKETING_VERSION = 1.0;
				PRODUCT_BUNDLE_IDENTIFIER = "------.project";
				PRODUCT_NAME = "$(TARGET_NAME)";
				SWIFT_EMIT_LOC_STRINGS = YES;
				SWIFT_VERSION = 5.0;
				TARGETED_DEVICE_FAMILY = "1,2";
			};
			name = Release;
		};
		FAD93554282B6C6A00F25F71 /* Debug */ = {
			isa = XCBuildConfiguration;
			buildSettings = {
				ALWAYS_EMBED_SWIFT_STANDARD_LIBRARIES = YES;
				BUNDLE_LOADER = "$(TEST_HOST)";
				CODE_SIGN_STYLE = Automatic;
				CURRENT_PROJECT_VERSION = 1;
				GENERATE_INFOPLIST_FILE = YES;
				IPHONEOS_DEPLOYMENT_TARGET = 15.2;
				MARKETING_VERSION = 1.0;
				PRODUCT_BUNDLE_IDENTIFIER = "------.projectTests";
				PRODUCT_NAME = "$(TARGET_NAME)";
				SWIFT_EMIT_LOC_STRINGS = NO;
				SWIFT_VERSION = 5.0;
				TARGETED_DEVICE_FAMILY = "1,2";
				TEST_HOST = "$(BUILT_PRODUCTS_DIR)/project.app/project";
			};
			name = Debug;
		};
		FAD93555282B6C6A00F25F71 /* Release */ = {
			isa = XCBuildConfiguration;
			buildSettings = {
				ALWAYS_EMBED_SWIFT_STANDARD_LIBRARIES = YES;
				BUNDLE_LOADER = "$(TEST_HOST)";
				CODE_SIGN_STYLE = Automatic;
				CURRENT_PROJECT_VERSION = 1;
				GENERATE_INFOPLIST_FILE = YES;
				IPHONEOS_DEPLOYMENT_TARGET = 15.2;
				MARKETING_VERSION = 1.0;
				PRODUCT_BUNDLE_IDENTIFIER = "------.projectTests";
				PRODUCT_NAME = "$(TARGET_NAME)";
				SWIFT_EMIT_LOC_STRINGS = NO;
				SWIFT_VERSION = 5.0;
				TARGETED_DEVICE_FAMILY = "1,2";
				TEST_HOST = "$(BUILT_PRODUCTS_DIR)/project.app/project";
			};
			name = Release;
		};
		FAD93557282B6C6A00F25F71 /* Debug */ = {
			isa = XCBuildConfiguration;
			buildSettings = {
				ALWAYS_EMBED_SWIFT_STANDARD_LIBRARIES = YES;
				CODE_SIGN_STYLE = Automatic;
				CURRENT_PROJECT_VERSION = 1;
				GENERATE_INFOPLIST_FILE = YES;
				MARKETING_VERSION = 1.0;
				PRODUCT_BUNDLE_IDENTIFIER = "------.projectUITests";
				PRODUCT_NAME = "$(TARGET_NAME)";
				SWIFT_EMIT_LOC_STRINGS = NO;
				SWIFT_VERSION = 5.0;
				TARGETED_DEVICE_FAMILY = "1,2";
				TEST_TARGET_NAME = project;
			};
			name = Debug;
		};
		FAD93558282B6C6A00F25F71 /* Release */ = {
			isa = XCBuildConfiguration;
			buildSettings = {
				ALWAYS_EMBED_SWIFT_STANDARD_LIBRARIES = YES;
				CODE_SIGN_STYLE = Automatic;
				CURRENT_PROJECT_VERSION = 1;
				GENERATE_INFOPLIST_FILE = YES;
				MARKETING_VERSION = 1.0;
				PRODUCT_BUNDLE_IDENTIFIER = "------.projectUITests";
				PRODUCT_NAME = "$(TARGET_NAME)";
				SWIFT_EMIT_LOC_STRINGS = NO;
				SWIFT_VERSION = 5.0;
				TARGETED_DEVICE_FAMILY = "1,2";
				TEST_TARGET_NAME = project;
			};
			name = Release;
		};
/* End XCBuildConfiguration section */

/* Begin XCConfigurationList section */
		FAD93527282B6C6800F25F71 /* Build configuration list for PBXProject "project" */ = {
			isa = XCConfigurationList;
			buildConfigurations = (
				FAD9354E282B6C6A00F25F71 /* Debug */,
				FAD9354F282B6C6A00F25F71 /* Release */,
			);
			defaultConfigurationIsVisible = 0;
			defaultConfigurationName = Release;
		};
		FAD93550282B6C6A00F25F71 /* Build configuration list for PBXNativeTarget "project" */ = {
			isa = XCConfigurationList;
			buildConfigurations = (
				FAD93551282B6C6A00F25F71 /* Debug */,
				FAD93552282B6C6A00F25F71 /* Release */,
			);
			defaultConfigurationIsVisible = 0;
			defaultConfigurationName = Release;
		};
		FAD93553282B6C6A00F25F71 /* Build configuration list for PBXNativeTarget "projectTests" */ = {
			isa = XCConfigurationList;
			buildConfigurations = (
				FAD93554282B6C6A00F25F71 /* Debug */,
				FAD93555282B6C6A00F25F71 /* Release */,
			);
			defaultConfigurationIsVisible = 0;
			defaultConfigurationName = Release;
		};
		FAD93556282B6C6A00F25F71 /* Build configuration list for PBXNativeTarget "projectUITests" */ = {
			isa = XCConfigurationList;
			buildConfigurations = (
				FAD93557282B6C6A00F25F71 /* Debug */,
				FAD93558282B6C6A00F25F71 /* Release */,
			);
			defaultConfigurationIsVisible = 0;
			defaultConfigurationName = Release;
		};
/* End XCConfigurationList section */
	};
	rootObject = FAD93524282B6C6800F25F71 /* Project object */;
}
